
Microsoft Visual Studio Solution File, Format Version 12.00
# Visual Studio Version 16
VisualStudioVersion = 16.0.29306.81
MinimumVisualStudioVersion = 10.0.40219.1
Project("{FAE04EC0-301F-11D3-BF4B-00C04F79EFBC}") = "Plugin-KOMPAS-3D.UI", "Plugin-KOMPAS-3D.UI\Plugin-KOMPAS-3D.UI.csproj", "{8BECF57D-6178-4E5E-86C8-F2D5848B471A}"
EndProject
Project("{FAE04EC0-301F-11D3-BF4B-00C04F79EFBC}") = "Parameters", "Parameters\Parameters.csproj", "{F327FB29-0DA7-4184-9D7F-FA8D13EBFA92}"
EndProject
Project("{FAE04EC0-301F-11D3-BF4B-00C04F79EFBC}") = "Builder", "Builder\Builder.csproj", "{CC61EC6F-4C35-4611-8186-9561F8FD7F96}"
EndProject
Project("{FAE04EC0-301F-11D3-BF4B-00C04F79EFBC}") = "Plugin-KOMPAS-3D.UnitTests", "Plugin-KOMPAS-3D.UnitTests\Plugin-KOMPAS-3D.UnitTests.csproj", "{A86D0762-AC24-4A7E-B422-D08ED7F21167}"
EndProject
Global
	GlobalSection(SolutionConfigurationPlatforms) = preSolution
		Debug|Any CPU = Debug|Any CPU
		Release|Any CPU = Release|Any CPU
	EndGlobalSection
	GlobalSection(ProjectConfigurationPlatforms) = postSolution
		{8BECF57D-6178-4E5E-86C8-F2D5848B471A}.Debug|Any CPU.ActiveCfg = Debug|Any CPU
		{8BECF57D-6178-4E5E-86C8-F2D5848B471A}.Debug|Any CPU.Build.0 = Debug|Any CPU
		{8BECF57D-6178-4E5E-86C8-F2D5848B471A}.Release|Any CPU.ActiveCfg = Release|Any CPU
		{8BECF57D-6178-4E5E-86C8-F2D5848B471A}.Release|Any CPU.Build.0 = Release|Any CPU
		{F327FB29-0DA7-4184-9D7F-FA8D13EBFA92}.Debug|Any CPU.ActiveCfg = Debug|Any CPU
		{F327FB29-0DA7-4184-9D7F-FA8D13EBFA92}.Debug|Any CPU.Build.0 = Debug|Any CPU
		{F327FB29-0DA7-4184-9D7F-FA8D13EBFA92}.Release|Any CPU.ActiveCfg = Release|Any CPU
		{F327FB29-0DA7-4184-9D7F-FA8D13EBFA92}.Release|Any CPU.Build.0 = Release|Any CPU
		{CC61EC6F-4C35-4611-8186-9561F8FD7F96}.Debug|Any CPU.ActiveCfg = Debug|Any CPU
		{CC61EC6F-4C35-4611-8186-9561F8FD7F96}.Debug|Any CPU.Build.0 = Debug|Any CPU
		{CC61EC6F-4C35-4611-8186-9561F8FD7F96}.Release|Any CPU.ActiveCfg = Release|Any CPU
		{CC61EC6F-4C35-4611-8186-9561F8FD7F96}.Release|Any CPU.Build.0 = Release|Any CPU
		{A86D0762-AC24-4A7E-B422-D08ED7F21167}.Debug|Any CPU.ActiveCfg = Debug|Any CPU
		{A86D0762-AC24-4A7E-B422-D08ED7F21167}.Debug|Any CPU.Build.0 = Debug|Any CPU
		{A86D0762-AC24-4A7E-B422-D08ED7F21167}.Release|Any CPU.ActiveCfg = Release|Any CPU
		{A86D0762-AC24-4A7E-B422-D08ED7F21167}.Release|Any CPU.Build.0 = Release|Any CPU
	EndGlobalSection
	GlobalSection(SolutionProperties) = preSolution
		HideSolutionNode = FALSE
	EndGlobalSection
	GlobalSection(ExtensibilityGlobals) = postSolution
		SolutionGuid = {FFF39813-3E59-4EA9-92F6-42A9530B8E3F}
	EndGlobalSection
EndGlobal
